
Microsoft Visual Studio Solution File, Format Version 11.00
# Visual Studio 2010
# SharpDevelop 5.1
Project("{FAE04EC0-301F-11D3-BF4B-00C04F79EFBC}") = "LajiPwd", "LajiPwd.csproj", "{70254DB1-9A9C-4DA3-BE69-10E93837BC6B}"
EndProject
Global
	GlobalSection(SolutionConfigurationPlatforms) = preSolution
		Debug|Any CPU = Debug|Any CPU
		Release|Any CPU = Release|Any CPU
	EndGlobalSection
	GlobalSection(ProjectConfigurationPlatforms) = postSolution
		{70254DB1-9A9C-4DA3-BE69-10E93837BC6B}.Debug|Any CPU.ActiveCfg = Debug|Any CPU
		{70254DB1-9A9C-4DA3-BE69-10E93837BC6B}.Debug|Any CPU.Build.0 = Debug|Any CPU
		{70254DB1-9A9C-4DA3-BE69-10E93837BC6B}.Release|Any CPU.ActiveCfg = Release|Any CPU
		{70254DB1-9A9C-4DA3-BE69-10E93837BC6B}.Release|Any CPU.Build.0 = Release|Any CPU
	EndGlobalSection
EndGlobal
